
Microsoft Visual Studio Solution File, Format Version 12.00
Project("{2150E333-8FDC-42A3-9474-1A3956D46DE8}") = "FrontEnd", "FrontEnd", "{F2BEFB56-022B-42C3-906B-4CFB8880E7EE}"
EndProject
Project("{2150E333-8FDC-42A3-9474-1A3956D46DE8}") = "Services", "Services", "{51470A36-1249-427A-B95A-9C4BE13830EC}"
EndProject
Project("{FAE04EC0-301F-11D3-BF4B-00C04F79EFBC}") = "GeekShopping.Web", "GeekShopping.Web\GeekShopping.Web.csproj", "{D88359BD-09EA-453F-BC84-3A4A67B9A658}"
EndProject
Project("{FAE04EC0-301F-11D3-BF4B-00C04F79EFBC}") = "GeekShopping.ProductAPI", "GeekShopping.ProductAPI\GeekShopping.ProductAPI.csproj", "{A6863239-0796-4759-A1B4-63B24E132672}"
EndProject
Global
	GlobalSection(SolutionConfigurationPlatforms) = preSolution
		Debug|Any CPU = Debug|Any CPU
		Release|Any CPU = Release|Any CPU
	EndGlobalSection
	GlobalSection(NestedProjects) = preSolution
		{D88359BD-09EA-453F-BC84-3A4A67B9A658} = {F2BEFB56-022B-42C3-906B-4CFB8880E7EE}
		{A6863239-0796-4759-A1B4-63B24E132672} = {51470A36-1249-427A-B95A-9C4BE13830EC}
	EndGlobalSection
	GlobalSection(ProjectConfigurationPlatforms) = postSolution
		{D88359BD-09EA-453F-BC84-3A4A67B9A658}.Debug|Any CPU.ActiveCfg = Debug|Any CPU
		{D88359BD-09EA-453F-BC84-3A4A67B9A658}.Debug|Any CPU.Build.0 = Debug|Any CPU
		{D88359BD-09EA-453F-BC84-3A4A67B9A658}.Release|Any CPU.ActiveCfg = Release|Any CPU
		{D88359BD-09EA-453F-BC84-3A4A67B9A658}.Release|Any CPU.Build.0 = Release|Any CPU
		{A6863239-0796-4759-A1B4-63B24E132672}.Debug|Any CPU.ActiveCfg = Debug|Any CPU
		{A6863239-0796-4759-A1B4-63B24E132672}.Debug|Any CPU.Build.0 = Debug|Any CPU
		{A6863239-0796-4759-A1B4-63B24E132672}.Release|Any CPU.ActiveCfg = Release|Any CPU
		{A6863239-0796-4759-A1B4-63B24E132672}.Release|Any CPU.Build.0 = Release|Any CPU
	EndGlobalSection
EndGlobal
